{
  "name": "DNS-Server",
  "lockfileVersion": 2,
  "requires": true,
  "packages": {
    "": {
      "dependencies": {
        "udp": "^1.0.0"
      }
    },
    "node_modules/udp": {
      "version": "1.0.0",
      "resolved": "https://registry.npmjs.org/udp/-/udp-1.0.0.tgz",
      "integrity": "sha512-CtCnbdQ2+qZefmpES44x6MDHfvfkMdkzRft6nb2fa2+ir4XSJVXNntF8LEA87tqtUISvFB2tr9UQqprMvF9FPQ=="
    }
  },
  "dependencies": {
    "udp": {
      "version": "1.0.0",
      "resolved": "https://registry.npmjs.org/udp/-/udp-1.0.0.tgz",
      "integrity": "sha512-CtCnbdQ2+qZefmpES44x6MDHfvfkMdkzRft6nb2fa2+ir4XSJVXNntF8LEA87tqtUISvFB2tr9UQqprMvF9FPQ=="
    }
  }
}
